# This file was autogenerated by Stack.
# You should not edit this file by hand.
# For more information, please see the documentation at:
#   https://docs.haskellstack.org/en/stable/lock_files

packages:
- completed:
    cabal-file:
      size: 1841
      sha256: dcf88a87adb121a466db6fd7302643975f2332feb5608beaa4bd97e6522dbd7f
    name: circuit-adornt-build
    version: 0.1.0.0
    git: https://github.com/YoshikuniJujo/circuit-adornt-build.git
    pantry-tree:
      size: 776
      sha256: bf182314cb1f9e8baab30ffa9ac7126ac4e440756a7ffb0c04a5a88a04ac32fe
    commit: 1bafa30bbc5e729d7f7d5c1f50a172e84b484d3f
  original:
    git: https://github.com/YoshikuniJujo/circuit-adornt-build.git
    commit: 1bafa30bbc5e729d7f7d5c1f50a172e84b484d3f
- completed:
    cabal-file:
      size: 1475
      sha256: f43e22c788b2092b32976928cb3d854b9aefb45682cec1e048648d33e5b56b20
    name: circuit-adornt-parts
    version: 0.1.0.0
    git: https://github.com/YoshikuniJujo/circuit-adornt-parts.git
    pantry-tree:
      size: 647
      sha256: 3df0d233256af89e28fdc7bcdbfaf392234b38793640ebf5d60c28aca641c5ca
    commit: adaba2c05a256118c875c3610656b158b3674d33
  original:
    git: https://github.com/YoshikuniJujo/circuit-adornt-parts.git
    commit: adaba2c05a256118c875c3610656b158b3674d33
snapshots:
- completed:
    size: 500539
    url: https://raw.githubusercontent.com/commercialhaskell/stackage-snapshots/master/lts/13/27.yaml
    sha256: 690db832392afe55733b4c7023fd29b1b1c660ee42f1fb505b86b07394ca994e
  original: lts-13.27
