# This file was autogenerated by Stack.
# You should not edit this file by hand.
# For more information, please see the documentation at:
#   https://docs.haskellstack.org/en/stable/lock_files

packages:
- completed:
    cabal-file:
      size: 1841
      sha256: dcf88a87adb121a466db6fd7302643975f2332feb5608beaa4bd97e6522dbd7f
    name: circuit-adornt-build
    version: 0.1.0.0
    git: https://github.com/YoshikuniJujo/circuit-adornt-build.git
    pantry-tree:
      size: 776
      sha256: 83de27932aa069709f6a4a75490bc3f2532f0b568b4ff3431e6206e9bb059261
    commit: 50759de5c3ba9814ccb9aa579f0e543b4455d98d
  original:
    git: https://github.com/YoshikuniJujo/circuit-adornt-build.git
    commit: 50759de5c3ba9814ccb9aa579f0e543b4455d98d
- completed:
    cabal-file:
      size: 1524
      sha256: 1c0709b79aaa5a15a0de452511a5768ab465abc86fd8d93f3a339c3b86aa8b3d
    name: circuit-adornt-parts
    version: 0.1.0.0
    git: https://github.com/YoshikuniJujo/circuit-adornt-parts.git
    pantry-tree:
      size: 777
      sha256: b241baf109fd945390cf7ae4d6b6c041445a6a5d6bf1cc57d266465d6bd92523
    commit: 4e7c4cf9f4e8c63dba6d380983ba6412594bbfa4
  original:
    git: https://github.com/YoshikuniJujo/circuit-adornt-parts.git
    commit: 4e7c4cf9f4e8c63dba6d380983ba6412594bbfa4
snapshots:
- completed:
    size: 500539
    url: https://raw.githubusercontent.com/commercialhaskell/stackage-snapshots/master/lts/13/27.yaml
    sha256: 690db832392afe55733b4c7023fd29b1b1c660ee42f1fb505b86b07394ca994e
  original: lts-13.27
